
Microsoft Visual Studio Solution File, Format Version 12.00
# Visual Studio Version 16
VisualStudioVersion = 16.0.30717.126
MinimumVisualStudioVersion = 10.0.40219.1
Project("{FAE04EC0-301F-11D3-BF4B-00C04F79EFBC}") = "WEBAPI_Project", "WEBAPI_Project\WEBAPI_Project.csproj", "{A22CB90B-8D52-438F-9DC5-51751DAD1456}"
EndProject
Project("{FAE04EC0-301F-11D3-BF4B-00C04F79EFBC}") = "GETMETHOD_with_HTTPCLIENT", "GETMETHOD_with_HTTPCLIENT\GETMETHOD_with_HTTPCLIENT.csproj", "{D2ED53D0-4F01-44DC-9E08-AA8439D36A5A}"
EndProject
Global
	GlobalSection(SolutionConfigurationPlatforms) = preSolution
		Debug|Any CPU = Debug|Any CPU
		Release|Any CPU = Release|Any CPU
	EndGlobalSection
	GlobalSection(ProjectConfigurationPlatforms) = postSolution
		{A22CB90B-8D52-438F-9DC5-51751DAD1456}.Debug|Any CPU.ActiveCfg = Debug|Any CPU
		{A22CB90B-8D52-438F-9DC5-51751DAD1456}.Debug|Any CPU.Build.0 = Debug|Any CPU
		{A22CB90B-8D52-438F-9DC5-51751DAD1456}.Release|Any CPU.ActiveCfg = Release|Any CPU
		{A22CB90B-8D52-438F-9DC5-51751DAD1456}.Release|Any CPU.Build.0 = Release|Any CPU
		{D2ED53D0-4F01-44DC-9E08-AA8439D36A5A}.Debug|Any CPU.ActiveCfg = Debug|Any CPU
		{D2ED53D0-4F01-44DC-9E08-AA8439D36A5A}.Debug|Any CPU.Build.0 = Debug|Any CPU
		{D2ED53D0-4F01-44DC-9E08-AA8439D36A5A}.Release|Any CPU.ActiveCfg = Release|Any CPU
		{D2ED53D0-4F01-44DC-9E08-AA8439D36A5A}.Release|Any CPU.Build.0 = Release|Any CPU
	EndGlobalSection
	GlobalSection(SolutionProperties) = preSolution
		HideSolutionNode = FALSE
	EndGlobalSection
	GlobalSection(ExtensibilityGlobals) = postSolution
		SolutionGuid = {E3BA3CD7-22BB-423E-A1BE-5903C8B4681A}
	EndGlobalSection
EndGlobal
